// !$*UTF8*$!
{
	archiveVersion = 1;
	classes = {
	};
	objectVersion = 46;
	objects = {

/* Begin PBXBuildFile section */
		68881A241EF0FC1200229107 /* main.m in Sources */ = {isa = PBXBuildFile; fileRef = 68881A231EF0FC1200229107 /* main.m */; };
		68881A271EF0FC1200229107 /* AppDelegate.m in Sources */ = {isa = PBXBuildFile; fileRef = 68881A261EF0FC1200229107 /* AppDelegate.m */; };
		68881A2A1EF0FC1200229107 /* ViewController.m in Sources */ = {isa = PBXBuildFile; fileRef = 68881A291EF0FC1200229107 /* ViewController.m */; };
		68881A2D1EF0FC1200229107 /* Main.storyboard in Resources */ = {isa = PBXBuildFile; fileRef = 68881A2B1EF0FC1200229107 /* Main.storyboard */; };
		68881A2F1EF0FC1200229107 /* Assets.xcassets in Resources */ = {isa = PBXBuildFile; fileRef = 68881A2E1EF0FC1200229107 /* Assets.xcassets */; };
		68881A321EF0FC1200229107 /* LaunchScreen.storyboard in Resources */ = {isa = PBXBuildFile; fileRef = 68881A301EF0FC1200229107 /* LaunchScreen.storyboard */; };
/* End PBXBuildFile section */

/* Begin PBXFileReference section */
		68881A1F1EF0FC1200229107 /* WHLatticeDemo.app */ = {isa = PBXFileReference; explicitFileType = wrapper.application; includeInIndex = 0; path = WHLatticeDemo.app; sourceTree = BUILT_PRODUCTS_DIR; };
		68881A231EF0FC1200229107 /* main.m */ = {isa = PBXFileReference; lastKnownFileType = sourcecode.c.objc; path = main.m; sourceTree = "<group>"; };
		68881A251EF0FC1200229107 /* AppDelegate.h */ = {isa = PBXFileReference; lastKnownFileType = sourcecode.c.h; path = AppDelegate.h; sourceTree = "<group>"; };
		68881A261EF0FC1200229107 /* AppDelegate.m */ = {isa = PBXFileReference; lastKnownFileType = sourcecode.c.objc; path = AppDelegate.m; sourceTree = "<group>"; };
		68881A281EF0FC1200229107 /* ViewController.h */ = {isa = PBXFileReference; lastKnownFileType = sourcecode.c.h; path = ViewController.h; sourceTree = "<group>"; };
		68881A291EF0FC1200229107 /* ViewController.m */ = {isa = PBXFileReference; lastKnownFileType = sourcecode.c.objc; path = ViewController.m; sourceTree = "<group>"; };
		68881A2C1EF0FC1200229107 /* Base */ = {isa = PBXFileReference; lastKnownFileType = file.storyboard; name = Base; path = Base.lproj/Main.storyboard; sourceTree = "<group>"; };
		68881A2E1EF0FC1200229107 /* Assets.xcassets */ = {isa = PBXFileReference; lastKnownFileType = folder.assetcatalog; path = Assets.xcassets; sourceTree = "<group>"; };
		68881A311EF0FC1200229107 /* Base */ = {isa = PBXFileReference; lastKnownFileType = file.storyboard; name = Base; path = Base.lproj/LaunchScreen.storyboard; sourceTree = "<group>"; };
		68881A331EF0FC1200229107 /* Info.plist */ = {isa = PBXFileReference; lastKnownFileType = text.plist.xml; path = Info.plist; sourceTree = "<group>"; };
/* End PBXFileReference section */

/* Begin PBXFrameworksBuildPhase section */
		68881A1C1EF0FC1200229107 /* Frameworks */ = {
			isa = PBXFrameworksBuildPhase;
			buildActionMask = 2147483647;
			files = (
			);
			runOnlyForDeploymentPostprocessing = 0;
		};
/* End PBXFrameworksBuildPhase section */

/* Begin PBXGroup section */
		68881A161EF0FC1200229107 = {
			isa = PBXGroup;
			children = (
				68881A211EF0FC1200229107 /* WHLatticeDemo */,
				68881A201EF0FC1200229107 /* Products */,
			);
			sourceTree = "<group>";
		};
		68881A201EF0FC1200229107 /* Products */ = {
			isa = PBXGroup;
			children = (
				68881A1F1EF0FC1200229107 /* WHLatticeDemo.app */,
			);
			name = Products;
			sourceTree = "<group>";
		};
		68881A211EF0FC1200229107 /* WHLatticeDemo */ = {
			isa = PBXGroup;
			children = (
				68881A281EF0FC1200229107 /* ViewController.h */,
				68881A291EF0FC1200229107 /* ViewController.m */,
				68881A391EF0FC1C00229107 /* Others */,
				68881A221EF0FC1200229107 /* Supporting Files */,
			);
			path = WHLatticeDemo;
			sourceTree = "<group>";
		};
		68881A221EF0FC1200229107 /* Supporting Files */ = {
			isa = PBXGroup;
			children = (
				68881A231EF0FC1200229107 /* main.m */,
			);
			name = "Supporting Files";
			sourceTree = "<group>";
		};
		68881A391EF0FC1C00229107 /* Others */ = {
			isa = PBXGroup;
			children = (
				68881A251EF0FC1200229107 /* AppDelegate.h */,
				68881A261EF0FC1200229107 /* AppDelegate.m */,
				68881A2B1EF0FC1200229107 /* Main.storyboard */,
				68881A2E1EF0FC1200229107 /* Assets.xcassets */,
				68881A301EF0FC1200229107 /* LaunchScreen.storyboard */,
				68881A331EF0FC1200229107 /* Info.plist */,
			);
			name = Others;
			sourceTree = "<group>";
		};
/* End PBXGroup section */

/* Begin PBXNativeTarget section */
		68881A1E1EF0FC1200229107 /* WHLatticeDemo */ = {
			isa = PBXNativeTarget;
			buildConfigurationList = 68881A361EF0FC1200229107 /* Build configuration list for PBXNativeTarget "WHLatticeDemo" */;
			buildPhases = (
				68881A1B1EF0FC1200229107 /* Sources */,
				68881A1C1EF0FC1200229107 /* Frameworks */,
				68881A1D1EF0FC1200229107 /* Resources */,
			);
			buildRules = (
			);
			dependencies = (
			);
			name = WHLatticeDemo;
			productName = WHLatticeDemo;
			productReference = 68881A1F1EF0FC1200229107 /* WHLatticeDemo.app */;
			productType = "com.apple.product-type.application";
		};
/* End PBXNativeTarget section */

/* Begin PBXProject section */
		68881A171EF0FC1200229107 /* Project object */ = {
			isa = PBXProject;
			attributes = {
				LastUpgradeCheck = 0830;
				ORGANIZATIONNAME = remember17;
				TargetAttributes = {
					68881A1E1EF0FC1200229107 = {
						CreatedOnToolsVersion = 8.3.2;
						ProvisioningStyle = Automatic;
					};
				};
			};
			buildConfigurationList = 68881A1A1EF0FC1200229107 /* Build configuration list for PBXProject "WHLatticeDemo" */;
			compatibilityVersion = "Xcode 3.2";
			developmentRegion = English;
			hasScannedForEncodings = 0;
			knownRegions = (
				en,
				Base,
			);
			mainGroup = 68881A161EF0FC1200229107;
			productRefGroup = 68881A201EF0FC1200229107 /* Products */;
			projectDirPath = "";
			projectRoot = "";
			targets = (
				68881A1E1EF0FC1200229107 /* WHLatticeDemo */,
			);
		};
/* End PBXProject section */

/* Begin PBXResourcesBuildPhase section */
		68881A1D1EF0FC1200229107 /* Resources */ = {
			isa = PBXResourcesBuildPhase;
			buildActionMask = 2147483647;
			files = (
				68881A321EF0FC1200229107 /* LaunchScreen.storyboard in Resources */,
				68881A2F1EF0FC1200229107 /* Assets.xcassets in Resources */,
				68881A2D1EF0FC1200229107 /* Main.storyboard in Resources */,
			);
			runOnlyForDeploymentPostprocessing = 0;
		};
/* End PBXResourcesBuildPhase section */

/* Begin PBXSourcesBuildPhase section */
		68881A1B1EF0FC1200229107 /* Sources */ = {
			isa = PBXSourcesBuildPhase;
			buildActionMask = 2147483647;
			files = (
				68881A2A1EF0FC1200229107 /* ViewController.m in Sources */,
				68881A271EF0FC1200229107 /* AppDelegate.m in Sources */,
				68881A241EF0FC1200229107 /* main.m in Sources */,
			);
			runOnlyForDeploymentPostprocessing = 0;
		};
/* End PBXSourcesBuildPhase section */

/* Begin PBXVariantGroup section */
		68881A2B1EF0FC1200229107 /* Main.storyboard */ = {
			isa = PBXVariantGroup;
			children = (
				68881A2C1EF0FC1200229107 /* Base */,
			);
			name = Main.storyboard;
			sourceTree = "<group>";
		};
		68881A301EF0FC1200229107 /* LaunchScreen.storyboard */ = {
			isa = PBXVariantGroup;
			children = (
				68881A311EF0FC1200229107 /* Base */,
			);
			name = LaunchScreen.storyboard;
			sourceTree = "<group>";
		};
/* End PBXVariantGroup section */

/* Begin XCBuildConfiguration section */
		68881A341EF0FC1200229107 /* Debug */ = {
			isa = XCBuildConfiguration;
			buildSettings = {
				ALWAYS_SEARCH_USER_PATHS = NO;
				CLANG_ANALYZER_NONNULL = YES;
				CLANG_ANALYZER_NUMBER_OBJECT_CONVERSION = YES_AGGRESSIVE;
				CLANG_CXX_LANGUAGE_STANDARD = "gnu++0x";
				CLANG_CXX_LIBRARY = "libc++";
				CLANG_ENABLE_MODULES = YES;
				CLANG_ENABLE_OBJC_ARC = YES;
				CLANG_WARN_BOOL_CONVERSION = YES;
				CLANG_WARN_CONSTANT_CONVERSION = YES;
				CLANG_WARN_DIRECT_OBJC_ISA_USAGE = YES_ERROR;
				CLANG_WARN_DOCUMENTATION_COMMENTS = YES;
				CLANG_WARN_EMPTY_BODY = YES;
				CLANG_WARN_ENUM_CONVERSION = YES;
				CLANG_WARN_INFINITE_RECURSION = YES;
				CLANG_WARN_INT_CONVERSION = YES;
				CLANG_WARN_OBJC_ROOT_CLASS = YES_ERROR;
				CLANG_WARN_SUSPICIOUS_MOVE = YES;
				CLANG_WARN_UNREACHABLE_CODE = YES;
				CLANG_WARN__DUPLICATE_METHOD_MATCH = YES;
				"CODE_SIGN_IDENTITY[sdk=iphoneos*]" = "iPhone Developer";
				COPY_PHASE_STRIP = NO;
				DEBUG_INFORMATION_FORMAT = dwarf;
				ENABLE_STRICT_OBJC_MSGSEND = YES;
				ENABLE_TESTABILITY = YES;
				GCC_C_LANGUAGE_STANDARD = gnu99;
				GCC_DYNAMIC_NO_PIC = NO;
				GCC_NO_COMMON_BLOCKS = YES;
				GCC_OPTIMIZATION_LEVEL = 0;
				GCC_PREPROCESSOR_DEFINITIONS = (
					"DEBUG=1",
					"$(inherited)",
				);
				GCC_WARN_64_TO_32_BIT_CONVERSION = YES;
				GCC_WARN_ABOUT_RETURN_TYPE = YES_ERROR;
				GCC_WARN_UNDECLARED_SELECTOR = YES;
				GCC_WARN_UNINITIALIZED_AUTOS = YES_AGGRESSIVE;
				GCC_WARN_UNUSED_FUNCTION = YES;
				GCC_WARN_UNUSED_VARIABLE = YES;
				IPHONEOS_DEPLOYMENT_TARGET = 10.3;
				MTL_ENABLE_DEBUG_INFO = YES;
				ONLY_ACTIVE_ARCH = YES;
				SDKROOT = iphoneos;
				TARGETED_DEVICE_FAMILY = "1,2";
			};
			name = Debug;
		};
		68881A351EF0FC1200229107 /* Release */ = {
			isa = XCBuildConfiguration;
			buildSettings = {
				ALWAYS_SEARCH_USER_PATHS = NO;
				CLANG_ANALYZER_NONNULL = YES;
				CLANG_ANALYZER_NUMBER_OBJECT_CONVERSION = YES_AGGRESSIVE;
				CLANG_CXX_LANGUAGE_STANDARD = "gnu++0x";
				CLANG_CXX_LIBRARY = "libc++";
				CLANG_ENABLE_MODULES = YES;
				CLANG_ENABLE_OBJC_ARC = YES;
				CLANG_WARN_BOOL_CONVERSION = YES;
				CLANG_WARN_CONSTANT_CONVERSION = YES;
				CLANG_WARN_DIRECT_OBJC_ISA_USAGE = YES_ERROR;
				CLANG_WARN_DOCUMENTATION_COMMENTS = YES;
				CLANG_WARN_EMPTY_BODY = YES;
				CLANG_WARN_ENUM_CONVERSION = YES;
				CLANG_WARN_INFINITE_RECURSION = YES;
				CLANG_WARN_INT_CONVERSION = YES;
				CLANG_WARN_OBJC_ROOT_CLASS = YES_ERROR;
				CLANG_WARN_SUSPICIOUS_MOVE = YES;
				CLANG_WARN_UNREACHABLE_CODE = YES;
				CLANG_WARN__DUPLICATE_METHOD_MATCH = YES;
				"CODE_SIGN_IDENTITY[sdk=iphoneos*]" = "iPhone Developer";
				COPY_PHASE_STRIP = NO;
				DEBUG_INFORMATION_FORMAT = "dwarf-with-dsym";
				ENABLE_NS_ASSERTIONS = NO;
				ENABLE_STRICT_OBJC_MSGSEND = YES;
				GCC_C_LANGUAGE_STANDARD = gnu99;
				GCC_NO_COMMON_BLOCKS = YES;
				GCC_WARN_64_TO_32_BIT_CONVERSION = YES;
				GCC_WARN_ABOUT_RETURN_TYPE = YES_ERROR;
				GCC_WARN_UNDECLARED_SELECTOR = YES;
				GCC_WARN_UNINITIALIZED_AUTOS = YES_AGGRESSIVE;
				GCC_WARN_UNUSED_FUNCTION = YES;
				GCC_WARN_UNUSED_VARIABLE = YES;
				IPHONEOS_DEPLOYMENT_TARGET = 10.3;
				MTL_ENABLE_DEBUG_INFO = NO;
				SDKROOT = iphoneos;
				TARGETED_DEVICE_FAMILY = "1,2";
				VALIDATE_PRODUCT = YES;
			};
			name = Release;
		};
		68881A371EF0FC1200229107 /* Debug */ = {
			isa = XCBuildConfiguration;
			buildSettings = {
				ASSETCATALOG_COMPILER_APPICON_NAME = AppIcon;
				INFOPLIST_FILE = WHLatticeDemo/Info.plist;
				LD_RUNPATH_SEARCH_PATHS = "$(inherited) @executable_path/Frameworks";
				PRODUCT_BUNDLE_IDENTIFIER = com.remember17.WHLatticeDemo;
				PRODUCT_NAME = "$(TARGET_NAME)";
			};
			name = Debug;
		};
		68881A381EF0FC1200229107 /* Release */ = {
			isa = XCBuildConfiguration;
			buildSettings = {
				ASSETCATALOG_COMPILER_APPICON_NAME = AppIcon;
				INFOPLIST_FILE = WHLatticeDemo/Info.plist;
				LD_RUNPATH_SEARCH_PATHS = "$(inherited) @executable_path/Frameworks";
				PRODUCT_BUNDLE_IDENTIFIER = com.remember17.WHLatticeDemo;
				PRODUCT_NAME = "$(TARGET_NAME)";
			};
			name = Release;
		};
/* End XCBuildConfiguration section */

/* Begin XCConfigurationList section */
		68881A1A1EF0FC1200229107 /* Build configuration list for PBXProject "WHLatticeDemo" */ = {
			isa = XCConfigurationList;
			buildConfigurations = (
				68881A341EF0FC1200229107 /* Debug */,
				68881A351EF0FC1200229107 /* Release */,
			);
			defaultConfigurationIsVisible = 0;
			defaultConfigurationName = Release;
		};
		68881A361EF0FC1200229107 /* Build configuration list for PBXNativeTarget "WHLatticeDemo" */ = {
			isa = XCConfigurationList;
			buildConfigurations = (
				68881A371EF0FC1200229107 /* Debug */,
				68881A381EF0FC1200229107 /* Release */,
			);
			defaultConfigurationIsVisible = 0;
		};
/* End XCConfigurationList section */
	};
	rootObject = 68881A171EF0FC1200229107 /* Project object */;
}
